
Microsoft Visual Studio Solution File, Format Version 12.00
# Visual Studio Version 17
VisualStudioVersion = 17.9.34723.18
MinimumVisualStudioVersion = 10.0.40219.1
Project("{FAE04EC0-301F-11D3-BF4B-00C04F79EFBC}") = "ExeR03", "ExeR03\ExeR03.csproj", "{478DE50C-9020-43B5-A8BC-AC9A71EC10B6}"
EndProject
Global
	GlobalSection(SolutionConfigurationPlatforms) = preSolution
		Debug|Any CPU = Debug|Any CPU
		Release|Any CPU = Release|Any CPU
	EndGlobalSection
	GlobalSection(ProjectConfigurationPlatforms) = postSolution
		{478DE50C-9020-43B5-A8BC-AC9A71EC10B6}.Debug|Any CPU.ActiveCfg = Debug|Any CPU
		{478DE50C-9020-43B5-A8BC-AC9A71EC10B6}.Debug|Any CPU.Build.0 = Debug|Any CPU
		{478DE50C-9020-43B5-A8BC-AC9A71EC10B6}.Release|Any CPU.ActiveCfg = Release|Any CPU
		{478DE50C-9020-43B5-A8BC-AC9A71EC10B6}.Release|Any CPU.Build.0 = Release|Any CPU
	EndGlobalSection
	GlobalSection(SolutionProperties) = preSolution
		HideSolutionNode = FALSE
	EndGlobalSection
	GlobalSection(ExtensibilityGlobals) = postSolution
		SolutionGuid = {DA71205E-815B-41D6-B402-AEC4BD867E61}
	EndGlobalSection
EndGlobal
