
Microsoft Visual Studio Solution File, Format Version 12.00
# Visual Studio Version 17
VisualStudioVersion = 17.9.34723.18
MinimumVisualStudioVersion = 10.0.40219.1
Project("{FAE04EC0-301F-11D3-BF4B-00C04F79EFBC}") = "ExeR03", "ExeR03\ExeR03.csproj", "{95A7E171-C0E7-435E-8F58-2446D478B302}"
EndProject
Global
	GlobalSection(SolutionConfigurationPlatforms) = preSolution
		Debug|Any CPU = Debug|Any CPU
		Release|Any CPU = Release|Any CPU
	EndGlobalSection
	GlobalSection(ProjectConfigurationPlatforms) = postSolution
		{95A7E171-C0E7-435E-8F58-2446D478B302}.Debug|Any CPU.ActiveCfg = Debug|Any CPU
		{95A7E171-C0E7-435E-8F58-2446D478B302}.Debug|Any CPU.Build.0 = Debug|Any CPU
		{95A7E171-C0E7-435E-8F58-2446D478B302}.Release|Any CPU.ActiveCfg = Release|Any CPU
		{95A7E171-C0E7-435E-8F58-2446D478B302}.Release|Any CPU.Build.0 = Release|Any CPU
	EndGlobalSection
	GlobalSection(SolutionProperties) = preSolution
		HideSolutionNode = FALSE
	EndGlobalSection
	GlobalSection(ExtensibilityGlobals) = postSolution
		SolutionGuid = {E8A19AB2-5E03-434D-9895-D9D84949F1E9}
	EndGlobalSection
EndGlobal
