
Microsoft Visual Studio Solution File, Format Version 12.00
# Visual Studio Version 17
VisualStudioVersion = 17.9.34723.18
MinimumVisualStudioVersion = 10.0.40219.1
Project("{FAE04EC0-301F-11D3-BF4B-00C04F79EFBC}") = "ExeR02", "ExeR02\ExeR02.csproj", "{827E7E14-53E0-4735-84E3-C515E2A7ECA7}"
EndProject
Global
	GlobalSection(SolutionConfigurationPlatforms) = preSolution
		Debug|Any CPU = Debug|Any CPU
		Release|Any CPU = Release|Any CPU
	EndGlobalSection
	GlobalSection(ProjectConfigurationPlatforms) = postSolution
		{827E7E14-53E0-4735-84E3-C515E2A7ECA7}.Debug|Any CPU.ActiveCfg = Debug|Any CPU
		{827E7E14-53E0-4735-84E3-C515E2A7ECA7}.Debug|Any CPU.Build.0 = Debug|Any CPU
		{827E7E14-53E0-4735-84E3-C515E2A7ECA7}.Release|Any CPU.ActiveCfg = Release|Any CPU
		{827E7E14-53E0-4735-84E3-C515E2A7ECA7}.Release|Any CPU.Build.0 = Release|Any CPU
	EndGlobalSection
	GlobalSection(SolutionProperties) = preSolution
		HideSolutionNode = FALSE
	EndGlobalSection
	GlobalSection(ExtensibilityGlobals) = postSolution
		SolutionGuid = {A71BF9E1-07E0-470D-8B8E-A3A5F758BA2C}
	EndGlobalSection
EndGlobal
