
Microsoft Visual Studio Solution File, Format Version 12.00
# Visual Studio Version 17
VisualStudioVersion = 17.9.34723.18
MinimumVisualStudioVersion = 10.0.40219.1
Project("{FAE04EC0-301F-11D3-BF4B-00C04F79EFBC}") = "ExeR03", "ExeR03\ExeR03.csproj", "{DBF139A5-9466-402F-9FF7-2BA3DD489B37}"
EndProject
Global
	GlobalSection(SolutionConfigurationPlatforms) = preSolution
		Debug|Any CPU = Debug|Any CPU
		Release|Any CPU = Release|Any CPU
	EndGlobalSection
	GlobalSection(ProjectConfigurationPlatforms) = postSolution
		{DBF139A5-9466-402F-9FF7-2BA3DD489B37}.Debug|Any CPU.ActiveCfg = Debug|Any CPU
		{DBF139A5-9466-402F-9FF7-2BA3DD489B37}.Debug|Any CPU.Build.0 = Debug|Any CPU
		{DBF139A5-9466-402F-9FF7-2BA3DD489B37}.Release|Any CPU.ActiveCfg = Release|Any CPU
		{DBF139A5-9466-402F-9FF7-2BA3DD489B37}.Release|Any CPU.Build.0 = Release|Any CPU
	EndGlobalSection
	GlobalSection(SolutionProperties) = preSolution
		HideSolutionNode = FALSE
	EndGlobalSection
	GlobalSection(ExtensibilityGlobals) = postSolution
		SolutionGuid = {7A785BB8-95A0-4738-B683-BB5429D53B09}
	EndGlobalSection
EndGlobal
